// !$*UTF8*$!
{
	archiveVersion = 1;
	classes = {
	};
	objectVersion = 46;
	objects = {

/* Begin PBXBuildFile section */
		8986132C1EB1BB8200C515E7 /* main.m in Sources */ = {isa = PBXBuildFile; fileRef = 8986132B1EB1BB8200C515E7 /* main.m */; };
		8986132F1EB1BB8200C515E7 /* AppDelegate.m in Sources */ = {isa = PBXBuildFile; fileRef = 8986132E1EB1BB8200C515E7 /* AppDelegate.m */; };
		898613321EB1BB8200C515E7 /* ViewController.m in Sources */ = {isa = PBXBuildFile; fileRef = 898613311EB1BB8200C515E7 /* ViewController.m */; };
		898613351EB1BB8300C515E7 /* Main.storyboard in Resources */ = {isa = PBXBuildFile; fileRef = 898613331EB1BB8300C515E7 /* Main.storyboard */; };
		898613371EB1BB8300C515E7 /* Assets.xcassets in Resources */ = {isa = PBXBuildFile; fileRef = 898613361EB1BB8300C515E7 /* Assets.xcassets */; };
		8986133A1EB1BB8300C515E7 /* LaunchScreen.storyboard in Resources */ = {isa = PBXBuildFile; fileRef = 898613381EB1BB8300C515E7 /* LaunchScreen.storyboard */; };
		898613461EB1BC3D00C515E7 /* DrawView.m in Sources */ = {isa = PBXBuildFile; fileRef = 898613451EB1BC3D00C515E7 /* DrawView.m */; };
/* End PBXBuildFile section */

/* Begin PBXFileReference section */
		898613271EB1BB8200C515E7 /* Quartz2D.app */ = {isa = PBXFileReference; explicitFileType = wrapper.application; includeInIndex = 0; path = Quartz2D.app; sourceTree = BUILT_PRODUCTS_DIR; };
		8986132B1EB1BB8200C515E7 /* main.m */ = {isa = PBXFileReference; lastKnownFileType = sourcecode.c.objc; path = main.m; sourceTree = "<group>"; };
		8986132D1EB1BB8200C515E7 /* AppDelegate.h */ = {isa = PBXFileReference; lastKnownFileType = sourcecode.c.h; path = AppDelegate.h; sourceTree = "<group>"; };
		8986132E1EB1BB8200C515E7 /* AppDelegate.m */ = {isa = PBXFileReference; lastKnownFileType = sourcecode.c.objc; path = AppDelegate.m; sourceTree = "<group>"; };
		898613301EB1BB8200C515E7 /* ViewController.h */ = {isa = PBXFileReference; lastKnownFileType = sourcecode.c.h; path = ViewController.h; sourceTree = "<group>"; };
		898613311EB1BB8200C515E7 /* ViewController.m */ = {isa = PBXFileReference; lastKnownFileType = sourcecode.c.objc; path = ViewController.m; sourceTree = "<group>"; };
		898613341EB1BB8300C515E7 /* Base */ = {isa = PBXFileReference; lastKnownFileType = file.storyboard; name = Base; path = Base.lproj/Main.storyboard; sourceTree = "<group>"; };
		898613361EB1BB8300C515E7 /* Assets.xcassets */ = {isa = PBXFileReference; lastKnownFileType = folder.assetcatalog; path = Assets.xcassets; sourceTree = "<group>"; };
		898613391EB1BB8300C515E7 /* Base */ = {isa = PBXFileReference; lastKnownFileType = file.storyboard; name = Base; path = Base.lproj/LaunchScreen.storyboard; sourceTree = "<group>"; };
		8986133B1EB1BB8300C515E7 /* Info.plist */ = {isa = PBXFileReference; lastKnownFileType = text.plist.xml; path = Info.plist; sourceTree = "<group>"; };
		898613441EB1BC3D00C515E7 /* DrawView.h */ = {isa = PBXFileReference; fileEncoding = 4; lastKnownFileType = sourcecode.c.h; path = DrawView.h; sourceTree = "<group>"; };
		898613451EB1BC3D00C515E7 /* DrawView.m */ = {isa = PBXFileReference; fileEncoding = 4; lastKnownFileType = sourcecode.c.objc; path = DrawView.m; sourceTree = "<group>"; };
/* End PBXFileReference section */

/* Begin PBXFrameworksBuildPhase section */
		898613241EB1BB8200C515E7 /* Frameworks */ = {
			isa = PBXFrameworksBuildPhase;
			buildActionMask = 2147483647;
			files = (
			);
			runOnlyForDeploymentPostprocessing = 0;
		};
/* End PBXFrameworksBuildPhase section */

/* Begin PBXGroup section */
		8986131E1EB1BB8200C515E7 = {
			isa = PBXGroup;
			children = (
				898613291EB1BB8200C515E7 /* Quartz2D */,
				898613281EB1BB8200C515E7 /* Products */,
			);
			sourceTree = "<group>";
		};
		898613281EB1BB8200C515E7 /* Products */ = {
			isa = PBXGroup;
			children = (
				898613271EB1BB8200C515E7 /* Quartz2D.app */,
			);
			name = Products;
			sourceTree = "<group>";
		};
		898613291EB1BB8200C515E7 /* Quartz2D */ = {
			isa = PBXGroup;
			children = (
				898613411EB1BBCA00C515E7 /* Classes */,
				8986132D1EB1BB8200C515E7 /* AppDelegate.h */,
				8986132E1EB1BB8200C515E7 /* AppDelegate.m */,
				898613301EB1BB8200C515E7 /* ViewController.h */,
				898613311EB1BB8200C515E7 /* ViewController.m */,
				898613331EB1BB8300C515E7 /* Main.storyboard */,
				898613361EB1BB8300C515E7 /* Assets.xcassets */,
				898613381EB1BB8300C515E7 /* LaunchScreen.storyboard */,
				8986133B1EB1BB8300C515E7 /* Info.plist */,
				8986132A1EB1BB8200C515E7 /* Supporting Files */,
			);
			path = Quartz2D;
			sourceTree = "<group>";
		};
		8986132A1EB1BB8200C515E7 /* Supporting Files */ = {
			isa = PBXGroup;
			children = (
				8986132B1EB1BB8200C515E7 /* main.m */,
			);
			name = "Supporting Files";
			sourceTree = "<group>";
		};
		898613411EB1BBCA00C515E7 /* Classes */ = {
			isa = PBXGroup;
			children = (
				898613421EB1BBE600C515E7 /* View */,
				898613431EB1BBE600C515E7 /* ViewController */,
			);
			path = Classes;
			sourceTree = "<group>";
		};
		898613421EB1BBE600C515E7 /* View */ = {
			isa = PBXGroup;
			children = (
				898613441EB1BC3D00C515E7 /* DrawView.h */,
				898613451EB1BC3D00C515E7 /* DrawView.m */,
			);
			path = View;
			sourceTree = "<group>";
		};
		898613431EB1BBE600C515E7 /* ViewController */ = {
			isa = PBXGroup;
			children = (
			);
			path = ViewController;
			sourceTree = "<group>";
		};
/* End PBXGroup section */

/* Begin PBXNativeTarget section */
		898613261EB1BB8200C515E7 /* Quartz2D */ = {
			isa = PBXNativeTarget;
			buildConfigurationList = 8986133E1EB1BB8300C515E7 /* Build configuration list for PBXNativeTarget "Quartz2D" */;
			buildPhases = (
				898613231EB1BB8200C515E7 /* Sources */,
				898613241EB1BB8200C515E7 /* Frameworks */,
				898613251EB1BB8200C515E7 /* Resources */,
			);
			buildRules = (
			);
			dependencies = (
			);
			name = Quartz2D;
			productName = Quartz2D;
			productReference = 898613271EB1BB8200C515E7 /* Quartz2D.app */;
			productType = "com.apple.product-type.application";
		};
/* End PBXNativeTarget section */

/* Begin PBXProject section */
		8986131F1EB1BB8200C515E7 /* Project object */ = {
			isa = PBXProject;
			attributes = {
				LastUpgradeCheck = 0820;
				ORGANIZATIONNAME = meilikeji;
				TargetAttributes = {
					898613261EB1BB8200C515E7 = {
						CreatedOnToolsVersion = 8.2.1;
						DevelopmentTeam = 7DX9N7HRDE;
						ProvisioningStyle = Automatic;
					};
				};
			};
			buildConfigurationList = 898613221EB1BB8200C515E7 /* Build configuration list for PBXProject "Quartz2D" */;
			compatibilityVersion = "Xcode 3.2";
			developmentRegion = English;
			hasScannedForEncodings = 0;
			knownRegions = (
				en,
				Base,
			);
			mainGroup = 8986131E1EB1BB8200C515E7;
			productRefGroup = 898613281EB1BB8200C515E7 /* Products */;
			projectDirPath = "";
			projectRoot = "";
			targets = (
				898613261EB1BB8200C515E7 /* Quartz2D */,
			);
		};
/* End PBXProject section */

/* Begin PBXResourcesBuildPhase section */
		898613251EB1BB8200C515E7 /* Resources */ = {
			isa = PBXResourcesBuildPhase;
			buildActionMask = 2147483647;
			files = (
				8986133A1EB1BB8300C515E7 /* LaunchScreen.storyboard in Resources */,
				898613371EB1BB8300C515E7 /* Assets.xcassets in Resources */,
				898613351EB1BB8300C515E7 /* Main.storyboard in Resources */,
			);
			runOnlyForDeploymentPostprocessing = 0;
		};
/* End PBXResourcesBuildPhase section */

/* Begin PBXSourcesBuildPhase section */
		898613231EB1BB8200C515E7 /* Sources */ = {
			isa = PBXSourcesBuildPhase;
			buildActionMask = 2147483647;
			files = (
				898613321EB1BB8200C515E7 /* ViewController.m in Sources */,
				8986132F1EB1BB8200C515E7 /* AppDelegate.m in Sources */,
				898613461EB1BC3D00C515E7 /* DrawView.m in Sources */,
				8986132C1EB1BB8200C515E7 /* main.m in Sources */,
			);
			runOnlyForDeploymentPostprocessing = 0;
		};
/* End PBXSourcesBuildPhase section */

/* Begin PBXVariantGroup section */
		898613331EB1BB8300C515E7 /* Main.storyboard */ = {
			isa = PBXVariantGroup;
			children = (
				898613341EB1BB8300C515E7 /* Base */,
			);
			name = Main.storyboard;
			sourceTree = "<group>";
		};
		898613381EB1BB8300C515E7 /* LaunchScreen.storyboard */ = {
			isa = PBXVariantGroup;
			children = (
				898613391EB1BB8300C515E7 /* Base */,
			);
			name = LaunchScreen.storyboard;
			sourceTree = "<group>";
		};
/* End PBXVariantGroup section */

/* Begin XCBuildConfiguration section */
		8986133C1EB1BB8300C515E7 /* Debug */ = {
			isa = XCBuildConfiguration;
			buildSettings = {
				ALWAYS_SEARCH_USER_PATHS = NO;
				CLANG_ANALYZER_NONNULL = YES;
				CLANG_CXX_LANGUAGE_STANDARD = "gnu++0x";
				CLANG_CXX_LIBRARY = "libc++";
				CLANG_ENABLE_MODULES = YES;
				CLANG_ENABLE_OBJC_ARC = YES;
				CLANG_WARN_BOOL_CONVERSION = YES;
				CLANG_WARN_CONSTANT_CONVERSION = YES;
				CLANG_WARN_DIRECT_OBJC_ISA_USAGE = YES_ERROR;
				CLANG_WARN_DOCUMENTATION_COMMENTS = YES;
				CLANG_WARN_EMPTY_BODY = YES;
				CLANG_WARN_ENUM_CONVERSION = YES;
				CLANG_WARN_INFINITE_RECURSION = YES;
				CLANG_WARN_INT_CONVERSION = YES;
				CLANG_WARN_OBJC_ROOT_CLASS = YES_ERROR;
				CLANG_WARN_SUSPICIOUS_MOVE = YES;
				CLANG_WARN_UNREACHABLE_CODE = YES;
				CLANG_WARN__DUPLICATE_METHOD_MATCH = YES;
				"CODE_SIGN_IDENTITY[sdk=iphoneos*]" = "iPhone Developer";
				COPY_PHASE_STRIP = NO;
				DEBUG_INFORMATION_FORMAT = dwarf;
				ENABLE_STRICT_OBJC_MSGSEND = YES;
				ENABLE_TESTABILITY = YES;
				GCC_C_LANGUAGE_STANDARD = gnu99;
				GCC_DYNAMIC_NO_PIC = NO;
				GCC_NO_COMMON_BLOCKS = YES;
				GCC_OPTIMIZATION_LEVEL = 0;
				GCC_PREPROCESSOR_DEFINITIONS = (
					"DEBUG=1",
					"$(inherited)",
				);
				GCC_WARN_64_TO_32_BIT_CONVERSION = YES;
				GCC_WARN_ABOUT_RETURN_TYPE = YES_ERROR;
				GCC_WARN_UNDECLARED_SELECTOR = YES;
				GCC_WARN_UNINITIALIZED_AUTOS = YES_AGGRESSIVE;
				GCC_WARN_UNUSED_FUNCTION = YES;
				GCC_WARN_UNUSED_VARIABLE = YES;
				IPHONEOS_DEPLOYMENT_TARGET = 10.2;
				MTL_ENABLE_DEBUG_INFO = YES;
				ONLY_ACTIVE_ARCH = YES;
				SDKROOT = iphoneos;
				TARGETED_DEVICE_FAMILY = "1,2";
			};
			name = Debug;
		};
		8986133D1EB1BB8300C515E7 /* Release */ = {
			isa = XCBuildConfiguration;
			buildSettings = {
				ALWAYS_SEARCH_USER_PATHS = NO;
				CLANG_ANALYZER_NONNULL = YES;
				CLANG_CXX_LANGUAGE_STANDARD = "gnu++0x";
				CLANG_CXX_LIBRARY = "libc++";
				CLANG_ENABLE_MODULES = YES;
				CLANG_ENABLE_OBJC_ARC = YES;
				CLANG_WARN_BOOL_CONVERSION = YES;
				CLANG_WARN_CONSTANT_CONVERSION = YES;
				CLANG_WARN_DIRECT_OBJC_ISA_USAGE = YES_ERROR;
				CLANG_WARN_DOCUMENTATION_COMMENTS = YES;
				CLANG_WARN_EMPTY_BODY = YES;
				CLANG_WARN_ENUM_CONVERSION = YES;
				CLANG_WARN_INFINITE_RECURSION = YES;
				CLANG_WARN_INT_CONVERSION = YES;
				CLANG_WARN_OBJC_ROOT_CLASS = YES_ERROR;
				CLANG_WARN_SUSPICIOUS_MOVE = YES;
				CLANG_WARN_UNREACHABLE_CODE = YES;
				CLANG_WARN__DUPLICATE_METHOD_MATCH = YES;
				"CODE_SIGN_IDENTITY[sdk=iphoneos*]" = "iPhone Developer";
				COPY_PHASE_STRIP = NO;
				DEBUG_INFORMATION_FORMAT = "dwarf-with-dsym";
				ENABLE_NS_ASSERTIONS = NO;
				ENABLE_STRICT_OBJC_MSGSEND = YES;
				GCC_C_LANGUAGE_STANDARD = gnu99;
				GCC_NO_COMMON_BLOCKS = YES;
				GCC_WARN_64_TO_32_BIT_CONVERSION = YES;
				GCC_WARN_ABOUT_RETURN_TYPE = YES_ERROR;
				GCC_WARN_UNDECLARED_SELECTOR = YES;
				GCC_WARN_UNINITIALIZED_AUTOS = YES_AGGRESSIVE;
				GCC_WARN_UNUSED_FUNCTION = YES;
				GCC_WARN_UNUSED_VARIABLE = YES;
				IPHONEOS_DEPLOYMENT_TARGET = 10.2;
				MTL_ENABLE_DEBUG_INFO = NO;
				SDKROOT = iphoneos;
				TARGETED_DEVICE_FAMILY = "1,2";
				VALIDATE_PRODUCT = YES;
			};
			name = Release;
		};
		8986133F1EB1BB8300C515E7 /* Debug */ = {
			isa = XCBuildConfiguration;
			buildSettings = {
				ASSETCATALOG_COMPILER_APPICON_NAME = AppIcon;
				DEVELOPMENT_TEAM = 7DX9N7HRDE;
				INFOPLIST_FILE = Quartz2D/Info.plist;
				IPHONEOS_DEPLOYMENT_TARGET = 7.0;
				LD_RUNPATH_SEARCH_PATHS = "$(inherited) @executable_path/Frameworks";
				PRODUCT_BUNDLE_IDENTIFIER = com.meilikeji.Quartz2D;
				PRODUCT_NAME = "$(TARGET_NAME)";
			};
			name = Debug;
		};
		898613401EB1BB8300C515E7 /* Release */ = {
			isa = XCBuildConfiguration;
			buildSettings = {
				ASSETCATALOG_COMPILER_APPICON_NAME = AppIcon;
				DEVELOPMENT_TEAM = 7DX9N7HRDE;
				INFOPLIST_FILE = Quartz2D/Info.plist;
				IPHONEOS_DEPLOYMENT_TARGET = 7.0;
				LD_RUNPATH_SEARCH_PATHS = "$(inherited) @executable_path/Frameworks";
				PRODUCT_BUNDLE_IDENTIFIER = com.meilikeji.Quartz2D;
				PRODUCT_NAME = "$(TARGET_NAME)";
			};
			name = Release;
		};
/* End XCBuildConfiguration section */

/* Begin XCConfigurationList section */
		898613221EB1BB8200C515E7 /* Build configuration list for PBXProject "Quartz2D" */ = {
			isa = XCConfigurationList;
			buildConfigurations = (
				8986133C1EB1BB8300C515E7 /* Debug */,
				8986133D1EB1BB8300C515E7 /* Release */,
			);
			defaultConfigurationIsVisible = 0;
			defaultConfigurationName = Release;
		};
		8986133E1EB1BB8300C515E7 /* Build configuration list for PBXNativeTarget "Quartz2D" */ = {
			isa = XCConfigurationList;
			buildConfigurations = (
				8986133F1EB1BB8300C515E7 /* Debug */,
				898613401EB1BB8300C515E7 /* Release */,
			);
			defaultConfigurationIsVisible = 0;
		};
/* End XCConfigurationList section */
	};
	rootObject = 8986131F1EB1BB8200C515E7 /* Project object */;
}
